
Microsoft Visual Studio Solution File, Format Version 12.00
# Visual Studio Version 17
VisualStudioVersion = 17.11.35208.52
MinimumVisualStudioVersion = 10.0.40219.1
Project("{FAE04EC0-301F-11D3-BF4B-00C04F79EFBC}") = "PracticeProject", "PracticeProject\PracticeProject.csproj", "{9E88EFB4-13BE-46F3-AF82-39951F74053A}"
EndProject
Global
	GlobalSection(SolutionConfigurationPlatforms) = preSolution
		Debug|Any CPU = Debug|Any CPU
		Release|Any CPU = Release|Any CPU
	EndGlobalSection
	GlobalSection(ProjectConfigurationPlatforms) = postSolution
		{9E88EFB4-13BE-46F3-AF82-39951F74053A}.Debug|Any CPU.ActiveCfg = Debug|Any CPU
		{9E88EFB4-13BE-46F3-AF82-39951F74053A}.Debug|Any CPU.Build.0 = Debug|Any CPU
		{9E88EFB4-13BE-46F3-AF82-39951F74053A}.Release|Any CPU.ActiveCfg = Release|Any CPU
		{9E88EFB4-13BE-46F3-AF82-39951F74053A}.Release|Any CPU.Build.0 = Release|Any CPU
	EndGlobalSection
	GlobalSection(SolutionProperties) = preSolution
		HideSolutionNode = FALSE
	EndGlobalSection
	GlobalSection(ExtensibilityGlobals) = postSolution
		SolutionGuid = {839519CA-9849-4115-8B3A-634D3CF4567E}
	EndGlobalSection
EndGlobal
